
Microsoft Visual Studio Solution File, Format Version 12.00
# Visual Studio Version 17
VisualStudioVersion = 17.14.37111.16
MinimumVisualStudioVersion = 10.0.40219.1
Project("{FAE04EC0-301F-11D3-BF4B-00C04F79EFBC}") = "TravelExpenseTracker", "TravelExpenseTracker\TravelExpenseTracker.csproj", "{2C5D2EB1-59C3-4970-9755-877ED5A79050}"
EndProject
Project("{FAE04EC0-301F-11D3-BF4B-00C04F79EFBC}") = "TravelExpenseTracker_API", "TravelExpenseTracker_API\TravelExpenseTracker_API.csproj", "{E54A6FFB-837D-44DF-BADE-4055BD5B0F03}"
EndProject
Project("{FAE04EC0-301F-11D3-BF4B-00C04F79EFBC}") = "TravelExpenseTracker.Shared", "TravelExpenseTracker.Shared\TravelExpenseTracker.Shared.csproj", "{627726B6-A5B8-446C-BB74-08858C1FFF62}"
EndProject
Global
	GlobalSection(SolutionConfigurationPlatforms) = preSolution
		Debug|Any CPU = Debug|Any CPU
		Release|Any CPU = Release|Any CPU
	EndGlobalSection
	GlobalSection(ProjectConfigurationPlatforms) = postSolution
		{2C5D2EB1-59C3-4970-9755-877ED5A79050}.Debug|Any CPU.ActiveCfg = Debug|Any CPU
		{2C5D2EB1-59C3-4970-9755-877ED5A79050}.Debug|Any CPU.Build.0 = Debug|Any CPU
		{2C5D2EB1-59C3-4970-9755-877ED5A79050}.Release|Any CPU.ActiveCfg = Release|Any CPU
		{2C5D2EB1-59C3-4970-9755-877ED5A79050}.Release|Any CPU.Build.0 = Release|Any CPU
		{E54A6FFB-837D-44DF-BADE-4055BD5B0F03}.Debug|Any CPU.ActiveCfg = Debug|Any CPU
		{E54A6FFB-837D-44DF-BADE-4055BD5B0F03}.Debug|Any CPU.Build.0 = Debug|Any CPU
		{E54A6FFB-837D-44DF-BADE-4055BD5B0F03}.Release|Any CPU.ActiveCfg = Release|Any CPU
		{E54A6FFB-837D-44DF-BADE-4055BD5B0F03}.Release|Any CPU.Build.0 = Release|Any CPU
		{627726B6-A5B8-446C-BB74-08858C1FFF62}.Debug|Any CPU.ActiveCfg = Debug|Any CPU
		{627726B6-A5B8-446C-BB74-08858C1FFF62}.Debug|Any CPU.Build.0 = Debug|Any CPU
		{627726B6-A5B8-446C-BB74-08858C1FFF62}.Release|Any CPU.ActiveCfg = Release|Any CPU
		{627726B6-A5B8-446C-BB74-08858C1FFF62}.Release|Any CPU.Build.0 = Release|Any CPU
	EndGlobalSection
	GlobalSection(SolutionProperties) = preSolution
		HideSolutionNode = FALSE
	EndGlobalSection
	GlobalSection(ExtensibilityGlobals) = postSolution
		SolutionGuid = {496552A5-1184-45D1-9A6E-DC418DA5B34C}
	EndGlobalSection
EndGlobal
